
Microsoft Visual Studio Solution File, Format Version 12.00
# Visual Studio 2012
Project("{8BC9CEB8-8B4A-11D0-8D11-00A0C91BC942}") = "number_to_chinese", "number_to_chinese\number_to_chinese.vcxproj", "{C406EAAF-3903-4A5C-992A-C5FC45EE2065}"
EndProject
Global
	GlobalSection(SolutionConfigurationPlatforms) = preSolution
		Debug|Win32 = Debug|Win32
		Release|Win32 = Release|Win32
	EndGlobalSection
	GlobalSection(ProjectConfigurationPlatforms) = postSolution
		{C406EAAF-3903-4A5C-992A-C5FC45EE2065}.Debug|Win32.ActiveCfg = Debug|Win32
		{C406EAAF-3903-4A5C-992A-C5FC45EE2065}.Debug|Win32.Build.0 = Debug|Win32
		{C406EAAF-3903-4A5C-992A-C5FC45EE2065}.Release|Win32.ActiveCfg = Release|Win32
		{C406EAAF-3903-4A5C-992A-C5FC45EE2065}.Release|Win32.Build.0 = Release|Win32
	EndGlobalSection
	GlobalSection(SolutionProperties) = preSolution
		HideSolutionNode = FALSE
	EndGlobalSection
EndGlobal
